
Microsoft Visual Studio Solution File, Format Version 12.00
# Visual Studio Version 17
VisualStudioVersion = 17.10.35013.160
MinimumVisualStudioVersion = 10.0.40219.1
Project("{FAE04EC0-301F-11D3-BF4B-00C04F79EFBC}") = "GetMyThingsWeb", "GetMyThingsWeb\GetMyThingsWeb.csproj", "{636090FD-DC01-45FA-8D6B-51E2DE96E85A}"
EndProject
Global
	GlobalSection(SolutionConfigurationPlatforms) = preSolution
		Debug|Any CPU = Debug|Any CPU
		Release|Any CPU = Release|Any CPU
	EndGlobalSection
	GlobalSection(ProjectConfigurationPlatforms) = postSolution
		{636090FD-DC01-45FA-8D6B-51E2DE96E85A}.Debug|Any CPU.ActiveCfg = Debug|Any CPU
		{636090FD-DC01-45FA-8D6B-51E2DE96E85A}.Debug|Any CPU.Build.0 = Debug|Any CPU
		{636090FD-DC01-45FA-8D6B-51E2DE96E85A}.Release|Any CPU.ActiveCfg = Release|Any CPU
		{636090FD-DC01-45FA-8D6B-51E2DE96E85A}.Release|Any CPU.Build.0 = Release|Any CPU
	EndGlobalSection
	GlobalSection(SolutionProperties) = preSolution
		HideSolutionNode = FALSE
	EndGlobalSection
	GlobalSection(ExtensibilityGlobals) = postSolution
		SolutionGuid = {CD96AAE6-9CC1-4571-B6DE-889A6FE2C56E}
	EndGlobalSection
EndGlobal
